
Microsoft Visual Studio Solution File, Format Version 12.00
# Visual Studio Version 17
VisualStudioVersion = 17.9.34607.119
MinimumVisualStudioVersion = 10.0.40219.1
Project("{9A19103F-16F7-4668-BE54-9A1E7A4F7556}") = "CarSnapScore.Web", "CarSnapScore.Web\CarSnapScore.Web.csproj", "{35F418E7-727F-4A83-9764-27EC53C8062A}"
EndProject
Project("{9A19103F-16F7-4668-BE54-9A1E7A4F7556}") = "CarSnapScore.Services", "CarSnapScore.Services\CarSnapScore.Services.csproj", "{4623412E-25BB-4287-A4FD-1DCB3360F380}"
EndProject
Project("{2150E333-8FDC-42A3-9474-1A3956D46DE8}") = "API", "API", "{F092683C-821D-4EDE-8DE2-AB607B711B0C}"
EndProject
Project("{2150E333-8FDC-42A3-9474-1A3956D46DE8}") = "Common", "Common", "{CCE1561B-4F39-4B9A-990A-7D37900CFCE9}"
EndProject
Project("{2150E333-8FDC-42A3-9474-1A3956D46DE8}") = "Web", "Web", "{012ADE11-2994-4A79-B112-EAF2E8CD9BC5}"
EndProject
Project("{9A19103F-16F7-4668-BE54-9A1E7A4F7556}") = "CarSnapScore.WebAPI", "CarSnapScore.WebAPI\CarSnapScore.WebAPI.csproj", "{CA55FEE6-5CD0-4945-8EC0-F8CD32B5A555}"
EndProject
Project("{9A19103F-16F7-4668-BE54-9A1E7A4F7556}") = "CarSnapScore.MinimalAPI", "CarSnapScore.MinimalAPI\CarSnapScore.MinimalAPI.csproj", "{C9E9B21C-2129-488A-8381-6EEACE55CB0B}"
EndProject
Project("{FAE04EC0-301F-11D3-BF4B-00C04F79EFBC}") = "CarSnapScore.API", "CarSnapScore.API\CarSnapScore.API.csproj", "{E62DF662-4946-482F-9C0D-81EB2B3B410F}"
EndProject
Project("{FAE04EC0-301F-11D3-BF4B-00C04F79EFBC}") = "CarSnapScore.MVC", "CarSnapScore.MVC\CarSnapScore.MVC.csproj", "{569A2C2A-25E3-440F-B259-99AE5B381A8E}"
EndProject
Project("{FAE04EC0-301F-11D3-BF4B-00C04F79EFBC}") = "CarSnapScore.Services6", "CarSnapScore.Services6\CarSnapScore.Services6.csproj", "{39491BB5-4B90-4E59-81A4-A46759267A17}"
EndProject
Global
	GlobalSection(SolutionConfigurationPlatforms) = preSolution
		Debug|Any CPU = Debug|Any CPU
		Release|Any CPU = Release|Any CPU
	EndGlobalSection
	GlobalSection(ProjectConfigurationPlatforms) = postSolution
		{35F418E7-727F-4A83-9764-27EC53C8062A}.Debug|Any CPU.ActiveCfg = Debug|Any CPU
		{35F418E7-727F-4A83-9764-27EC53C8062A}.Debug|Any CPU.Build.0 = Debug|Any CPU
		{35F418E7-727F-4A83-9764-27EC53C8062A}.Release|Any CPU.ActiveCfg = Release|Any CPU
		{35F418E7-727F-4A83-9764-27EC53C8062A}.Release|Any CPU.Build.0 = Release|Any CPU
		{4623412E-25BB-4287-A4FD-1DCB3360F380}.Debug|Any CPU.ActiveCfg = Debug|Any CPU
		{4623412E-25BB-4287-A4FD-1DCB3360F380}.Debug|Any CPU.Build.0 = Debug|Any CPU
		{4623412E-25BB-4287-A4FD-1DCB3360F380}.Release|Any CPU.ActiveCfg = Release|Any CPU
		{4623412E-25BB-4287-A4FD-1DCB3360F380}.Release|Any CPU.Build.0 = Release|Any CPU
		{CA55FEE6-5CD0-4945-8EC0-F8CD32B5A555}.Debug|Any CPU.ActiveCfg = Debug|Any CPU
		{CA55FEE6-5CD0-4945-8EC0-F8CD32B5A555}.Debug|Any CPU.Build.0 = Debug|Any CPU
		{CA55FEE6-5CD0-4945-8EC0-F8CD32B5A555}.Release|Any CPU.ActiveCfg = Release|Any CPU
		{CA55FEE6-5CD0-4945-8EC0-F8CD32B5A555}.Release|Any CPU.Build.0 = Release|Any CPU
		{C9E9B21C-2129-488A-8381-6EEACE55CB0B}.Debug|Any CPU.ActiveCfg = Debug|Any CPU
		{C9E9B21C-2129-488A-8381-6EEACE55CB0B}.Debug|Any CPU.Build.0 = Debug|Any CPU
		{C9E9B21C-2129-488A-8381-6EEACE55CB0B}.Release|Any CPU.ActiveCfg = Release|Any CPU
		{C9E9B21C-2129-488A-8381-6EEACE55CB0B}.Release|Any CPU.Build.0 = Release|Any CPU
		{E62DF662-4946-482F-9C0D-81EB2B3B410F}.Debug|Any CPU.ActiveCfg = Debug|Any CPU
		{E62DF662-4946-482F-9C0D-81EB2B3B410F}.Debug|Any CPU.Build.0 = Debug|Any CPU
		{E62DF662-4946-482F-9C0D-81EB2B3B410F}.Release|Any CPU.ActiveCfg = Release|Any CPU
		{E62DF662-4946-482F-9C0D-81EB2B3B410F}.Release|Any CPU.Build.0 = Release|Any CPU
		{569A2C2A-25E3-440F-B259-99AE5B381A8E}.Debug|Any CPU.ActiveCfg = Debug|Any CPU
		{569A2C2A-25E3-440F-B259-99AE5B381A8E}.Debug|Any CPU.Build.0 = Debug|Any CPU
		{569A2C2A-25E3-440F-B259-99AE5B381A8E}.Release|Any CPU.ActiveCfg = Release|Any CPU
		{569A2C2A-25E3-440F-B259-99AE5B381A8E}.Release|Any CPU.Build.0 = Release|Any CPU
		{39491BB5-4B90-4E59-81A4-A46759267A17}.Debug|Any CPU.ActiveCfg = Debug|Any CPU
		{39491BB5-4B90-4E59-81A4-A46759267A17}.Debug|Any CPU.Build.0 = Debug|Any CPU
		{39491BB5-4B90-4E59-81A4-A46759267A17}.Release|Any CPU.ActiveCfg = Release|Any CPU
		{39491BB5-4B90-4E59-81A4-A46759267A17}.Release|Any CPU.Build.0 = Release|Any CPU
	EndGlobalSection
	GlobalSection(SolutionProperties) = preSolution
		HideSolutionNode = FALSE
	EndGlobalSection
	GlobalSection(NestedProjects) = preSolution
		{35F418E7-727F-4A83-9764-27EC53C8062A} = {012ADE11-2994-4A79-B112-EAF2E8CD9BC5}
		{4623412E-25BB-4287-A4FD-1DCB3360F380} = {CCE1561B-4F39-4B9A-990A-7D37900CFCE9}
		{CA55FEE6-5CD0-4945-8EC0-F8CD32B5A555} = {F092683C-821D-4EDE-8DE2-AB607B711B0C}
		{C9E9B21C-2129-488A-8381-6EEACE55CB0B} = {F092683C-821D-4EDE-8DE2-AB607B711B0C}
		{E62DF662-4946-482F-9C0D-81EB2B3B410F} = {F092683C-821D-4EDE-8DE2-AB607B711B0C}
		{569A2C2A-25E3-440F-B259-99AE5B381A8E} = {012ADE11-2994-4A79-B112-EAF2E8CD9BC5}
		{39491BB5-4B90-4E59-81A4-A46759267A17} = {CCE1561B-4F39-4B9A-990A-7D37900CFCE9}
	EndGlobalSection
	GlobalSection(ExtensibilityGlobals) = postSolution
		SolutionGuid = {B2E201A5-F95A-475D-B855-A562AB470AD4}
	EndGlobalSection
EndGlobal
